// !$*UTF8*$!
{
	archiveVersion = 1;
	classes = {
	};
	objectVersion = 50;
	objects = {

/* Begin PBXBuildFile section */
		1B0EB43E2403EB9C000F61F4 /* AppDelegate.swift in Sources */ = {isa = PBXBuildFile; fileRef = 1B0EB43D2403EB9C000F61F4 /* AppDelegate.swift */; };
		1B0EB4402403EB9C000F61F4 /* SceneDelegate.swift in Sources */ = {isa = PBXBuildFile; fileRef = 1B0EB43F2403EB9C000F61F4 /* SceneDelegate.swift */; };
		1B0EB4422403EB9C000F61F4 /* ConfigViewController.swift in Sources */ = {isa = PBXBuildFile; fileRef = 1B0EB4412403EB9C000F61F4 /* ConfigViewController.swift */; };
		1B0EB4452403EB9C000F61F4 /* Main.storyboard in Resources */ = {isa = PBXBuildFile; fileRef = 1B0EB4432403EB9C000F61F4 /* Main.storyboard */; };
		1B0EB4472403EBA0000F61F4 /* Assets.xcassets in Resources */ = {isa = PBXBuildFile; fileRef = 1B0EB4462403EBA0000F61F4 /* Assets.xcassets */; };
		1B0EB44A2403EBA0000F61F4 /* LaunchScreen.storyboard in Resources */ = {isa = PBXBuildFile; fileRef = 1B0EB4482403EBA0000F61F4 /* LaunchScreen.storyboard */; };
		1B0EB4532403EC8B000F61F4 /* DVRViewController.swift in Sources */ = {isa = PBXBuildFile; fileRef = 1B0EB4512403EC8B000F61F4 /* DVRViewController.swift */; };
		1B0EB4542403EC8B000F61F4 /* TVViewController.swift in Sources */ = {isa = PBXBuildFile; fileRef = 1B0EB4522403EC8B000F61F4 /* TVViewController.swift */; };
		1BB2BE192403FAE600409E5D /* DataModel.swift in Sources */ = {isa = PBXBuildFile; fileRef = 1BB2BE182403FAE600409E5D /* DataModel.swift */; };
/* End PBXBuildFile section */

/* Begin PBXFileReference section */
		1B0EB43A2403EB9C000F61F4 /* OzdemirZ_RemoteControl3.app */ = {isa = PBXFileReference; explicitFileType = wrapper.application; includeInIndex = 0; path = OzdemirZ_RemoteControl3.app; sourceTree = BUILT_PRODUCTS_DIR; };
		1B0EB43D2403EB9C000F61F4 /* AppDelegate.swift */ = {isa = PBXFileReference; lastKnownFileType = sourcecode.swift; path = AppDelegate.swift; sourceTree = "<group>"; };
		1B0EB43F2403EB9C000F61F4 /* SceneDelegate.swift */ = {isa = PBXFileReference; lastKnownFileType = sourcecode.swift; path = SceneDelegate.swift; sourceTree = "<group>"; };
		1B0EB4412403EB9C000F61F4 /* ConfigViewController.swift */ = {isa = PBXFileReference; lastKnownFileType = sourcecode.swift; path = ConfigViewController.swift; sourceTree = "<group>"; };
		1B0EB4442403EB9C000F61F4 /* Base */ = {isa = PBXFileReference; lastKnownFileType = file.storyboard; name = Base; path = Base.lproj/Main.storyboard; sourceTree = "<group>"; };
		1B0EB4462403EBA0000F61F4 /* Assets.xcassets */ = {isa = PBXFileReference; lastKnownFileType = folder.assetcatalog; path = Assets.xcassets; sourceTree = "<group>"; };
		1B0EB4492403EBA0000F61F4 /* Base */ = {isa = PBXFileReference; lastKnownFileType = file.storyboard; name = Base; path = Base.lproj/LaunchScreen.storyboard; sourceTree = "<group>"; };
		1B0EB44B2403EBA0000F61F4 /* Info.plist */ = {isa = PBXFileReference; lastKnownFileType = text.plist.xml; path = Info.plist; sourceTree = "<group>"; };
		1B0EB4512403EC8B000F61F4 /* DVRViewController.swift */ = {isa = PBXFileReference; fileEncoding = 4; lastKnownFileType = sourcecode.swift; path = DVRViewController.swift; sourceTree = "<group>"; };
		1B0EB4522403EC8B000F61F4 /* TVViewController.swift */ = {isa = PBXFileReference; fileEncoding = 4; lastKnownFileType = sourcecode.swift; path = TVViewController.swift; sourceTree = "<group>"; };
		1BB2BE182403FAE600409E5D /* DataModel.swift */ = {isa = PBXFileReference; lastKnownFileType = sourcecode.swift; path = DataModel.swift; sourceTree = "<group>"; };
/* End PBXFileReference section */

/* Begin PBXFrameworksBuildPhase section */
		1B0EB4372403EB9C000F61F4 /* Frameworks */ = {
			isa = PBXFrameworksBuildPhase;
			buildActionMask = 2147483647;
			files = (
			);
			runOnlyForDeploymentPostprocessing = 0;
		};
/* End PBXFrameworksBuildPhase section */

/* Begin PBXGroup section */
		1B0EB4312403EB9C000F61F4 = {
			isa = PBXGroup;
			children = (
				1B0EB43C2403EB9C000F61F4 /* OzdemirZ_RemoteControl3 */,
				1B0EB43B2403EB9C000F61F4 /* Products */,
			);
			sourceTree = "<group>";
		};
		1B0EB43B2403EB9C000F61F4 /* Products */ = {
			isa = PBXGroup;
			children = (
				1B0EB43A2403EB9C000F61F4 /* OzdemirZ_RemoteControl3.app */,
			);
			name = Products;
			sourceTree = "<group>";
		};
		1B0EB43C2403EB9C000F61F4 /* OzdemirZ_RemoteControl3 */ = {
			isa = PBXGroup;
			children = (
				1B0EB43D2403EB9C000F61F4 /* AppDelegate.swift */,
				1B0EB43F2403EB9C000F61F4 /* SceneDelegate.swift */,
				1BB2BE182403FAE600409E5D /* DataModel.swift */,
				1B0EB4512403EC8B000F61F4 /* DVRViewController.swift */,
				1B0EB4522403EC8B000F61F4 /* TVViewController.swift */,
				1B0EB4412403EB9C000F61F4 /* ConfigViewController.swift */,
				1B0EB4432403EB9C000F61F4 /* Main.storyboard */,
				1B0EB4462403EBA0000F61F4 /* Assets.xcassets */,
				1B0EB4482403EBA0000F61F4 /* LaunchScreen.storyboard */,
				1B0EB44B2403EBA0000F61F4 /* Info.plist */,
			);
			path = OzdemirZ_RemoteControl3;
			sourceTree = "<group>";
		};
/* End PBXGroup section */

/* Begin PBXNativeTarget section */
		1B0EB4392403EB9C000F61F4 /* OzdemirZ_RemoteControl3 */ = {
			isa = PBXNativeTarget;
			buildConfigurationList = 1B0EB44E2403EBA0000F61F4 /* Build configuration list for PBXNativeTarget "OzdemirZ_RemoteControl3" */;
			buildPhases = (
				1B0EB4362403EB9C000F61F4 /* Sources */,
				1B0EB4372403EB9C000F61F4 /* Frameworks */,
				1B0EB4382403EB9C000F61F4 /* Resources */,
			);
			buildRules = (
			);
			dependencies = (
			);
			name = OzdemirZ_RemoteControl3;
			productName = OzdemirZ_RemoteControl3;
			productReference = 1B0EB43A2403EB9C000F61F4 /* OzdemirZ_RemoteControl3.app */;
			productType = "com.apple.product-type.application";
		};
/* End PBXNativeTarget section */

/* Begin PBXProject section */
		1B0EB4322403EB9C000F61F4 /* Project object */ = {
			isa = PBXProject;
			attributes = {
				LastSwiftUpdateCheck = 1130;
				LastUpgradeCheck = 1130;
				ORGANIZATIONNAME = "Zubeyir Ozdemir";
				TargetAttributes = {
					1B0EB4392403EB9C000F61F4 = {
						CreatedOnToolsVersion = 11.3.1;
					};
				};
			};
			buildConfigurationList = 1B0EB4352403EB9C000F61F4 /* Build configuration list for PBXProject "OzdemirZ_RemoteControl3" */;
			compatibilityVersion = "Xcode 9.3";
			developmentRegion = en;
			hasScannedForEncodings = 0;
			knownRegions = (
				en,
				Base,
			);
			mainGroup = 1B0EB4312403EB9C000F61F4;
			productRefGroup = 1B0EB43B2403EB9C000F61F4 /* Products */;
			projectDirPath = "";
			projectRoot = "";
			targets = (
				1B0EB4392403EB9C000F61F4 /* OzdemirZ_RemoteControl3 */,
			);
		};
/* End PBXProject section */

/* Begin PBXResourcesBuildPhase section */
		1B0EB4382403EB9C000F61F4 /* Resources */ = {
			isa = PBXResourcesBuildPhase;
			buildActionMask = 2147483647;
			files = (
				1B0EB44A2403EBA0000F61F4 /* LaunchScreen.storyboard in Resources */,
				1B0EB4472403EBA0000F61F4 /* Assets.xcassets in Resources */,
				1B0EB4452403EB9C000F61F4 /* Main.storyboard in Resources */,
			);
			runOnlyForDeploymentPostprocessing = 0;
		};
/* End PBXResourcesBuildPhase section */

/* Begin PBXSourcesBuildPhase section */
		1B0EB4362403EB9C000F61F4 /* Sources */ = {
			isa = PBXSourcesBuildPhase;
			buildActionMask = 2147483647;
			files = (
				1B0EB4422403EB9C000F61F4 /* ConfigViewController.swift in Sources */,
				1B0EB4532403EC8B000F61F4 /* DVRViewController.swift in Sources */,
				1B0EB4542403EC8B000F61F4 /* TVViewController.swift in Sources */,
				1B0EB43E2403EB9C000F61F4 /* AppDelegate.swift in Sources */,
				1B0EB4402403EB9C000F61F4 /* SceneDelegate.swift in Sources */,
				1BB2BE192403FAE600409E5D /* DataModel.swift in Sources */,
			);
			runOnlyForDeploymentPostprocessing = 0;
		};
/* End PBXSourcesBuildPhase section */

/* Begin PBXVariantGroup section */
		1B0EB4432403EB9C000F61F4 /* Main.storyboard */ = {
			isa = PBXVariantGroup;
			children = (
				1B0EB4442403EB9C000F61F4 /* Base */,
			);
			name = Main.storyboard;
			sourceTree = "<group>";
		};
		1B0EB4482403EBA0000F61F4 /* LaunchScreen.storyboard */ = {
			isa = PBXVariantGroup;
			children = (
				1B0EB4492403EBA0000F61F4 /* Base */,
			);
			name = LaunchScreen.storyboard;
			sourceTree = "<group>";
		};
/* End PBXVariantGroup section */

/* Begin XCBuildConfiguration section */
		1B0EB44C2403EBA0000F61F4 /* Debug */ = {
			isa = XCBuildConfiguration;
			buildSettings = {
				ALWAYS_SEARCH_USER_PATHS = NO;
				CLANG_ANALYZER_NONNULL = YES;
				CLANG_ANALYZER_NUMBER_OBJECT_CONVERSION = YES_AGGRESSIVE;
				CLANG_CXX_LANGUAGE_STANDARD = "gnu++14";
				CLANG_CXX_LIBRARY = "libc++";
				CLANG_ENABLE_MODULES = YES;
				CLANG_ENABLE_OBJC_ARC = YES;
				CLANG_ENABLE_OBJC_WEAK = YES;
				CLANG_WARN_BLOCK_CAPTURE_AUTORELEASING = YES;
				CLANG_WARN_BOOL_CONVERSION = YES;
				CLANG_WARN_COMMA = YES;
				CLANG_WARN_CONSTANT_CONVERSION = YES;
				CLANG_WARN_DEPRECATED_OBJC_IMPLEMENTATIONS = YES;
				CLANG_WARN_DIRECT_OBJC_ISA_USAGE = YES_ERROR;
				CLANG_WARN_DOCUMENTATION_COMMENTS = YES;
				CLANG_WARN_EMPTY_BODY = YES;
				CLANG_WARN_ENUM_CONVERSION = YES;
				CLANG_WARN_INFINITE_RECURSION = YES;
				CLANG_WARN_INT_CONVERSION = YES;
				CLANG_WARN_NON_LITERAL_NULL_CONVERSION = YES;
				CLANG_WARN_OBJC_IMPLICIT_RETAIN_SELF = YES;
				CLANG_WARN_OBJC_LITERAL_CONVERSION = YES;
				CLANG_WARN_OBJC_ROOT_CLASS = YES_ERROR;
				CLANG_WARN_RANGE_LOOP_ANALYSIS = YES;
				CLANG_WARN_STRICT_PROTOTYPES = YES;
				CLANG_WARN_SUSPICIOUS_MOVE = YES;
				CLANG_WARN_UNGUARDED_AVAILABILITY = YES_AGGRESSIVE;
				CLANG_WARN_UNREACHABLE_CODE = YES;
				CLANG_WARN__DUPLICATE_METHOD_MATCH = YES;
				COPY_PHASE_STRIP = NO;
				DEBUG_INFORMATION_FORMAT = dwarf;
				ENABLE_STRICT_OBJC_MSGSEND = YES;
				ENABLE_TESTABILITY = YES;
				GCC_C_LANGUAGE_STANDARD = gnu11;
				GCC_DYNAMIC_NO_PIC = NO;
				GCC_NO_COMMON_BLOCKS = YES;
				GCC_OPTIMIZATION_LEVEL = 0;
				GCC_PREPROCESSOR_DEFINITIONS = (
					"DEBUG=1",
					"$(inherited)",
				);
				GCC_WARN_64_TO_32_BIT_CONVERSION = YES;
				GCC_WARN_ABOUT_RETURN_TYPE = YES_ERROR;
				GCC_WARN_UNDECLARED_SELECTOR = YES;
				GCC_WARN_UNINITIALIZED_AUTOS = YES_AGGRESSIVE;
				GCC_WARN_UNUSED_FUNCTION = YES;
				GCC_WARN_UNUSED_VARIABLE = YES;
				IPHONEOS_DEPLOYMENT_TARGET = 13.2;
				MTL_ENABLE_DEBUG_INFO = INCLUDE_SOURCE;
				MTL_FAST_MATH = YES;
				ONLY_ACTIVE_ARCH = YES;
				SDKROOT = iphoneos;
				SWIFT_ACTIVE_COMPILATION_CONDITIONS = DEBUG;
				SWIFT_OPTIMIZATION_LEVEL = "-Onone";
			};
			name = Debug;
		};
		1B0EB44D2403EBA0000F61F4 /* Release */ = {
			isa = XCBuildConfiguration;
			buildSettings = {
				ALWAYS_SEARCH_USER_PATHS = NO;
				CLANG_ANALYZER_NONNULL = YES;
				CLANG_ANALYZER_NUMBER_OBJECT_CONVERSION = YES_AGGRESSIVE;
				CLANG_CXX_LANGUAGE_STANDARD = "gnu++14";
				CLANG_CXX_LIBRARY = "libc++";
				CLANG_ENABLE_MODULES = YES;
				CLANG_ENABLE_OBJC_ARC = YES;
				CLANG_ENABLE_OBJC_WEAK = YES;
				CLANG_WARN_BLOCK_CAPTURE_AUTORELEASING = YES;
				CLANG_WARN_BOOL_CONVERSION = YES;
				CLANG_WARN_COMMA = YES;
				CLANG_WARN_CONSTANT_CONVERSION = YES;
				CLANG_WARN_DEPRECATED_OBJC_IMPLEMENTATIONS = YES;
				CLANG_WARN_DIRECT_OBJC_ISA_USAGE = YES_ERROR;
				CLANG_WARN_DOCUMENTATION_COMMENTS = YES;
				CLANG_WARN_EMPTY_BODY = YES;
				CLANG_WARN_ENUM_CONVERSION = YES;
				CLANG_WARN_INFINITE_RECURSION = YES;
				CLANG_WARN_INT_CONVERSION = YES;
				CLANG_WARN_NON_LITERAL_NULL_CONVERSION = YES;
				CLANG_WARN_OBJC_IMPLICIT_RETAIN_SELF = YES;
				CLANG_WARN_OBJC_LITERAL_CONVERSION = YES;
				CLANG_WARN_OBJC_ROOT_CLASS = YES_ERROR;
				CLANG_WARN_RANGE_LOOP_ANALYSIS = YES;
				CLANG_WARN_STRICT_PROTOTYPES = YES;
				CLANG_WARN_SUSPICIOUS_MOVE = YES;
				CLANG_WARN_UNGUARDED_AVAILABILITY = YES_AGGRESSIVE;
				CLANG_WARN_UNREACHABLE_CODE = YES;
				CLANG_WARN__DUPLICATE_METHOD_MATCH = YES;
				COPY_PHASE_STRIP = NO;
				DEBUG_INFORMATION_FORMAT = "dwarf-with-dsym";
				ENABLE_NS_ASSERTIONS = NO;
				ENABLE_STRICT_OBJC_MSGSEND = YES;
				GCC_C_LANGUAGE_STANDARD = gnu11;
				GCC_NO_COMMON_BLOCKS = YES;
				GCC_WARN_64_TO_32_BIT_CONVERSION = YES;
				GCC_WARN_ABOUT_RETURN_TYPE = YES_ERROR;
				GCC_WARN_UNDECLARED_SELECTOR = YES;
				GCC_WARN_UNINITIALIZED_AUTOS = YES_AGGRESSIVE;
				GCC_WARN_UNUSED_FUNCTION = YES;
				GCC_WARN_UNUSED_VARIABLE = YES;
				IPHONEOS_DEPLOYMENT_TARGET = 13.2;
				MTL_ENABLE_DEBUG_INFO = NO;
				MTL_FAST_MATH = YES;
				SDKROOT = iphoneos;
				SWIFT_COMPILATION_MODE = wholemodule;
				SWIFT_OPTIMIZATION_LEVEL = "-O";
				VALIDATE_PRODUCT = YES;
			};
			name = Release;
		};
		1B0EB44F2403EBA0000F61F4 /* Debug */ = {
			isa = XCBuildConfiguration;
			buildSettings = {
				ASSETCATALOG_COMPILER_APPICON_NAME = AppIcon;
				CODE_SIGN_STYLE = Automatic;
				INFOPLIST_FILE = OzdemirZ_RemoteControl3/Info.plist;
				LD_RUNPATH_SEARCH_PATHS = (
					"$(inherited)",
					"@executable_path/Frameworks",
				);
				PRODUCT_BUNDLE_IDENTIFIER = "com.ios.OzdemirZ-RemoteControl3";
				PRODUCT_NAME = "$(TARGET_NAME)";
				SWIFT_VERSION = 5.0;
				TARGETED_DEVICE_FAMILY = "1,2";
			};
			name = Debug;
		};
		1B0EB4502403EBA0000F61F4 /* Release */ = {
			isa = XCBuildConfiguration;
			buildSettings = {
				ASSETCATALOG_COMPILER_APPICON_NAME = AppIcon;
				CODE_SIGN_STYLE = Automatic;
				INFOPLIST_FILE = OzdemirZ_RemoteControl3/Info.plist;
				LD_RUNPATH_SEARCH_PATHS = (
					"$(inherited)",
					"@executable_path/Frameworks",
				);
				PRODUCT_BUNDLE_IDENTIFIER = "com.ios.OzdemirZ-RemoteControl3";
				PRODUCT_NAME = "$(TARGET_NAME)";
				SWIFT_VERSION = 5.0;
				TARGETED_DEVICE_FAMILY = "1,2";
			};
			name = Release;
		};
/* End XCBuildConfiguration section */

/* Begin XCConfigurationList section */
		1B0EB4352403EB9C000F61F4 /* Build configuration list for PBXProject "OzdemirZ_RemoteControl3" */ = {
			isa = XCConfigurationList;
			buildConfigurations = (
				1B0EB44C2403EBA0000F61F4 /* Debug */,
				1B0EB44D2403EBA0000F61F4 /* Release */,
			);
			defaultConfigurationIsVisible = 0;
			defaultConfigurationName = Release;
		};
		1B0EB44E2403EBA0000F61F4 /* Build configuration list for PBXNativeTarget "OzdemirZ_RemoteControl3" */ = {
			isa = XCConfigurationList;
			buildConfigurations = (
				1B0EB44F2403EBA0000F61F4 /* Debug */,
				1B0EB4502403EBA0000F61F4 /* Release */,
			);
			defaultConfigurationIsVisible = 0;
			defaultConfigurationName = Release;
		};
/* End XCConfigurationList section */
	};
	rootObject = 1B0EB4322403EB9C000F61F4 /* Project object */;
}
